
Microsoft Visual Studio Solution File, Format Version 11.00
# Visual Studio 2010
Project("{8BC9CEB8-8B4A-11D0-8D11-00A0C91BC942}") = "split700", "split700.vcxproj", "{2BFF440F-9627-4587-9C08-8C54A220D057}"
EndProject
Project("{8BC9CEB8-8B4A-11D0-8D11-00A0C91BC942}") = "brr2wav", "brr2wav.vcxproj", "{C7888395-22A2-4FC4-87B2-4B0E9D9BE57D}"
EndProject
Global
	GlobalSection(SolutionConfigurationPlatforms) = preSolution
		Debug|Win32 = Debug|Win32
		Release|Win32 = Release|Win32
	EndGlobalSection
	GlobalSection(ProjectConfigurationPlatforms) = postSolution
		{2BFF440F-9627-4587-9C08-8C54A220D057}.Debug|Win32.ActiveCfg = Debug|Win32
		{2BFF440F-9627-4587-9C08-8C54A220D057}.Debug|Win32.Build.0 = Debug|Win32
		{2BFF440F-9627-4587-9C08-8C54A220D057}.Release|Win32.ActiveCfg = Release|Win32
		{2BFF440F-9627-4587-9C08-8C54A220D057}.Release|Win32.Build.0 = Release|Win32
		{C7888395-22A2-4FC4-87B2-4B0E9D9BE57D}.Debug|Win32.ActiveCfg = Debug|Win32
		{C7888395-22A2-4FC4-87B2-4B0E9D9BE57D}.Debug|Win32.Build.0 = Debug|Win32
		{C7888395-22A2-4FC4-87B2-4B0E9D9BE57D}.Release|Win32.ActiveCfg = Release|Win32
		{C7888395-22A2-4FC4-87B2-4B0E9D9BE57D}.Release|Win32.Build.0 = Release|Win32
	EndGlobalSection
	GlobalSection(SolutionProperties) = preSolution
		HideSolutionNode = FALSE
	EndGlobalSection
EndGlobal
